
Microsoft Visual Studio Solution File, Format Version 12.00
# Visual Studio Version 16
VisualStudioVersion = 16.0.30011.22
MinimumVisualStudioVersion = 10.0.40219.1
Project("{FAE04EC0-301F-11D3-BF4B-00C04F79EFBC}") = "ex054", "ex054\ex054.csproj", "{01DABEEF-A436-461B-AB9E-4ACAC2102492}"
EndProject
Global
	GlobalSection(SolutionConfigurationPlatforms) = preSolution
		Debug|Any CPU = Debug|Any CPU
		Release|Any CPU = Release|Any CPU
	EndGlobalSection
	GlobalSection(ProjectConfigurationPlatforms) = postSolution
		{01DABEEF-A436-461B-AB9E-4ACAC2102492}.Debug|Any CPU.ActiveCfg = Debug|Any CPU
		{01DABEEF-A436-461B-AB9E-4ACAC2102492}.Debug|Any CPU.Build.0 = Debug|Any CPU
		{01DABEEF-A436-461B-AB9E-4ACAC2102492}.Release|Any CPU.ActiveCfg = Release|Any CPU
		{01DABEEF-A436-461B-AB9E-4ACAC2102492}.Release|Any CPU.Build.0 = Release|Any CPU
	EndGlobalSection
	GlobalSection(SolutionProperties) = preSolution
		HideSolutionNode = FALSE
	EndGlobalSection
	GlobalSection(ExtensibilityGlobals) = postSolution
		SolutionGuid = {6128B2BB-C846-4C8C-BEBB-5CD0715F0619}
	EndGlobalSection
EndGlobal
