
Microsoft Visual Studio Solution File, Format Version 12.00
# Visual Studio Version 16
VisualStudioVersion = 16.0.30011.22
MinimumVisualStudioVersion = 10.0.40219.1
Project("{FAE04EC0-301F-11D3-BF4B-00C04F79EFBC}") = "ex019", "ex019\ex019.csproj", "{1D299965-9EDA-45DF-83DD-C16E4ECB3751}"
EndProject
Global
	GlobalSection(SolutionConfigurationPlatforms) = preSolution
		Debug|Any CPU = Debug|Any CPU
		Release|Any CPU = Release|Any CPU
	EndGlobalSection
	GlobalSection(ProjectConfigurationPlatforms) = postSolution
		{1D299965-9EDA-45DF-83DD-C16E4ECB3751}.Debug|Any CPU.ActiveCfg = Debug|Any CPU
		{1D299965-9EDA-45DF-83DD-C16E4ECB3751}.Debug|Any CPU.Build.0 = Debug|Any CPU
		{1D299965-9EDA-45DF-83DD-C16E4ECB3751}.Release|Any CPU.ActiveCfg = Release|Any CPU
		{1D299965-9EDA-45DF-83DD-C16E4ECB3751}.Release|Any CPU.Build.0 = Release|Any CPU
	EndGlobalSection
	GlobalSection(SolutionProperties) = preSolution
		HideSolutionNode = FALSE
	EndGlobalSection
	GlobalSection(ExtensibilityGlobals) = postSolution
		SolutionGuid = {19F0AA41-8664-4039-8EB7-666449DBBB35}
	EndGlobalSection
EndGlobal
