
Microsoft Visual Studio Solution File, Format Version 12.00
# Visual Studio Version 16
VisualStudioVersion = 16.0.30011.22
MinimumVisualStudioVersion = 10.0.40219.1
Project("{FAE04EC0-301F-11D3-BF4B-00C04F79EFBC}") = "ex009", "ex009\ex009.csproj", "{C97E770C-9D08-48EB-A3EB-C582D16A6CD4}"
EndProject
Global
	GlobalSection(SolutionConfigurationPlatforms) = preSolution
		Debug|Any CPU = Debug|Any CPU
		Release|Any CPU = Release|Any CPU
	EndGlobalSection
	GlobalSection(ProjectConfigurationPlatforms) = postSolution
		{C97E770C-9D08-48EB-A3EB-C582D16A6CD4}.Debug|Any CPU.ActiveCfg = Debug|Any CPU
		{C97E770C-9D08-48EB-A3EB-C582D16A6CD4}.Debug|Any CPU.Build.0 = Debug|Any CPU
		{C97E770C-9D08-48EB-A3EB-C582D16A6CD4}.Release|Any CPU.ActiveCfg = Release|Any CPU
		{C97E770C-9D08-48EB-A3EB-C582D16A6CD4}.Release|Any CPU.Build.0 = Release|Any CPU
	EndGlobalSection
	GlobalSection(SolutionProperties) = preSolution
		HideSolutionNode = FALSE
	EndGlobalSection
	GlobalSection(ExtensibilityGlobals) = postSolution
		SolutionGuid = {87BD4001-D4AB-42B8-95D1-BF87320421E4}
	EndGlobalSection
EndGlobal
