
Microsoft Visual Studio Solution File, Format Version 12.00
# Visual Studio Version 16
VisualStudioVersion = 16.0.30011.22
MinimumVisualStudioVersion = 10.0.40219.1
Project("{FAE04EC0-301F-11D3-BF4B-00C04F79EFBC}") = "ex024", "ex024\ex024.csproj", "{79DC6980-58A4-4171-ACAD-8DCA5F197C25}"
EndProject
Global
	GlobalSection(SolutionConfigurationPlatforms) = preSolution
		Debug|Any CPU = Debug|Any CPU
		Release|Any CPU = Release|Any CPU
	EndGlobalSection
	GlobalSection(ProjectConfigurationPlatforms) = postSolution
		{79DC6980-58A4-4171-ACAD-8DCA5F197C25}.Debug|Any CPU.ActiveCfg = Debug|Any CPU
		{79DC6980-58A4-4171-ACAD-8DCA5F197C25}.Debug|Any CPU.Build.0 = Debug|Any CPU
		{79DC6980-58A4-4171-ACAD-8DCA5F197C25}.Release|Any CPU.ActiveCfg = Release|Any CPU
		{79DC6980-58A4-4171-ACAD-8DCA5F197C25}.Release|Any CPU.Build.0 = Release|Any CPU
	EndGlobalSection
	GlobalSection(SolutionProperties) = preSolution
		HideSolutionNode = FALSE
	EndGlobalSection
	GlobalSection(ExtensibilityGlobals) = postSolution
		SolutionGuid = {7C1FA848-6026-4D23-975D-53E7A7C12104}
	EndGlobalSection
EndGlobal
