
Microsoft Visual Studio Solution File, Format Version 12.00
# Visual Studio Version 16
VisualStudioVersion = 16.0.30011.22
MinimumVisualStudioVersion = 10.0.40219.1
Project("{FAE04EC0-301F-11D3-BF4B-00C04F79EFBC}") = "ex047", "ex047\ex047.csproj", "{915BF6F7-1257-4B6B-A267-69E3296F7398}"
EndProject
Global
	GlobalSection(SolutionConfigurationPlatforms) = preSolution
		Debug|Any CPU = Debug|Any CPU
		Release|Any CPU = Release|Any CPU
	EndGlobalSection
	GlobalSection(ProjectConfigurationPlatforms) = postSolution
		{915BF6F7-1257-4B6B-A267-69E3296F7398}.Debug|Any CPU.ActiveCfg = Debug|Any CPU
		{915BF6F7-1257-4B6B-A267-69E3296F7398}.Debug|Any CPU.Build.0 = Debug|Any CPU
		{915BF6F7-1257-4B6B-A267-69E3296F7398}.Release|Any CPU.ActiveCfg = Release|Any CPU
		{915BF6F7-1257-4B6B-A267-69E3296F7398}.Release|Any CPU.Build.0 = Release|Any CPU
	EndGlobalSection
	GlobalSection(SolutionProperties) = preSolution
		HideSolutionNode = FALSE
	EndGlobalSection
	GlobalSection(ExtensibilityGlobals) = postSolution
		SolutionGuid = {ED2DEE4B-EBA5-43DF-99A2-96F0A1C61B8E}
	EndGlobalSection
EndGlobal
