
Microsoft Visual Studio Solution File, Format Version 12.00
# Visual Studio Version 16
VisualStudioVersion = 16.0.30011.22
MinimumVisualStudioVersion = 10.0.40219.1
Project("{FAE04EC0-301F-11D3-BF4B-00C04F79EFBC}") = "ex039", "ex039\ex039.csproj", "{33949BD0-3DF9-4D8C-B1BE-04E0C93EDD2C}"
EndProject
Global
	GlobalSection(SolutionConfigurationPlatforms) = preSolution
		Debug|Any CPU = Debug|Any CPU
		Release|Any CPU = Release|Any CPU
	EndGlobalSection
	GlobalSection(ProjectConfigurationPlatforms) = postSolution
		{33949BD0-3DF9-4D8C-B1BE-04E0C93EDD2C}.Debug|Any CPU.ActiveCfg = Debug|Any CPU
		{33949BD0-3DF9-4D8C-B1BE-04E0C93EDD2C}.Debug|Any CPU.Build.0 = Debug|Any CPU
		{33949BD0-3DF9-4D8C-B1BE-04E0C93EDD2C}.Release|Any CPU.ActiveCfg = Release|Any CPU
		{33949BD0-3DF9-4D8C-B1BE-04E0C93EDD2C}.Release|Any CPU.Build.0 = Release|Any CPU
	EndGlobalSection
	GlobalSection(SolutionProperties) = preSolution
		HideSolutionNode = FALSE
	EndGlobalSection
	GlobalSection(ExtensibilityGlobals) = postSolution
		SolutionGuid = {E868A403-D638-4AFB-AA41-8786BD3B25D6}
	EndGlobalSection
EndGlobal
