
Microsoft Visual Studio Solution File, Format Version 12.00
# Visual Studio Version 16
VisualStudioVersion = 16.0.30011.22
MinimumVisualStudioVersion = 10.0.40219.1
Project("{FAE04EC0-301F-11D3-BF4B-00C04F79EFBC}") = "ex018", "ex018\ex018.csproj", "{768CFAFB-A3A3-45AE-B9BB-63BE88685988}"
EndProject
Global
	GlobalSection(SolutionConfigurationPlatforms) = preSolution
		Debug|Any CPU = Debug|Any CPU
		Release|Any CPU = Release|Any CPU
	EndGlobalSection
	GlobalSection(ProjectConfigurationPlatforms) = postSolution
		{768CFAFB-A3A3-45AE-B9BB-63BE88685988}.Debug|Any CPU.ActiveCfg = Debug|Any CPU
		{768CFAFB-A3A3-45AE-B9BB-63BE88685988}.Debug|Any CPU.Build.0 = Debug|Any CPU
		{768CFAFB-A3A3-45AE-B9BB-63BE88685988}.Release|Any CPU.ActiveCfg = Release|Any CPU
		{768CFAFB-A3A3-45AE-B9BB-63BE88685988}.Release|Any CPU.Build.0 = Release|Any CPU
	EndGlobalSection
	GlobalSection(SolutionProperties) = preSolution
		HideSolutionNode = FALSE
	EndGlobalSection
	GlobalSection(ExtensibilityGlobals) = postSolution
		SolutionGuid = {7BC6E8EE-E198-477B-8C45-374378E931C2}
	EndGlobalSection
EndGlobal
