
Microsoft Visual Studio Solution File, Format Version 12.00
# Visual Studio Version 16
VisualStudioVersion = 16.0.30011.22
MinimumVisualStudioVersion = 10.0.40219.1
Project("{FAE04EC0-301F-11D3-BF4B-00C04F79EFBC}") = "ex031", "ex031\ex031.csproj", "{8518C913-8612-424F-99C9-D1A22AE7F449}"
EndProject
Global
	GlobalSection(SolutionConfigurationPlatforms) = preSolution
		Debug|Any CPU = Debug|Any CPU
		Release|Any CPU = Release|Any CPU
	EndGlobalSection
	GlobalSection(ProjectConfigurationPlatforms) = postSolution
		{8518C913-8612-424F-99C9-D1A22AE7F449}.Debug|Any CPU.ActiveCfg = Debug|Any CPU
		{8518C913-8612-424F-99C9-D1A22AE7F449}.Debug|Any CPU.Build.0 = Debug|Any CPU
		{8518C913-8612-424F-99C9-D1A22AE7F449}.Release|Any CPU.ActiveCfg = Release|Any CPU
		{8518C913-8612-424F-99C9-D1A22AE7F449}.Release|Any CPU.Build.0 = Release|Any CPU
	EndGlobalSection
	GlobalSection(SolutionProperties) = preSolution
		HideSolutionNode = FALSE
	EndGlobalSection
	GlobalSection(ExtensibilityGlobals) = postSolution
		SolutionGuid = {92A06756-CCD5-4C73-8513-AF098F76A7E5}
	EndGlobalSection
EndGlobal
