
Microsoft Visual Studio Solution File, Format Version 12.00
# Visual Studio Version 16
VisualStudioVersion = 16.0.30011.22
MinimumVisualStudioVersion = 10.0.40219.1
Project("{FAE04EC0-301F-11D3-BF4B-00C04F79EFBC}") = "ex028", "ex028\ex028.csproj", "{A124D4A7-39BE-47CE-8512-E6A2EB981B4D}"
EndProject
Global
	GlobalSection(SolutionConfigurationPlatforms) = preSolution
		Debug|Any CPU = Debug|Any CPU
		Release|Any CPU = Release|Any CPU
	EndGlobalSection
	GlobalSection(ProjectConfigurationPlatforms) = postSolution
		{A124D4A7-39BE-47CE-8512-E6A2EB981B4D}.Debug|Any CPU.ActiveCfg = Debug|Any CPU
		{A124D4A7-39BE-47CE-8512-E6A2EB981B4D}.Debug|Any CPU.Build.0 = Debug|Any CPU
		{A124D4A7-39BE-47CE-8512-E6A2EB981B4D}.Release|Any CPU.ActiveCfg = Release|Any CPU
		{A124D4A7-39BE-47CE-8512-E6A2EB981B4D}.Release|Any CPU.Build.0 = Release|Any CPU
	EndGlobalSection
	GlobalSection(SolutionProperties) = preSolution
		HideSolutionNode = FALSE
	EndGlobalSection
	GlobalSection(ExtensibilityGlobals) = postSolution
		SolutionGuid = {5323868A-4B1B-4CBF-8512-9106D4AC00AD}
	EndGlobalSection
EndGlobal
