
Microsoft Visual Studio Solution File, Format Version 12.00
# Visual Studio Version 16
VisualStudioVersion = 16.0.30011.22
MinimumVisualStudioVersion = 10.0.40219.1
Project("{FAE04EC0-301F-11D3-BF4B-00C04F79EFBC}") = "ex001", "ex001\ex001.csproj", "{8BDE655D-9FF6-4443-A0D7-8581A3BB3BB9}"
EndProject
Global
	GlobalSection(SolutionConfigurationPlatforms) = preSolution
		Debug|Any CPU = Debug|Any CPU
		Release|Any CPU = Release|Any CPU
	EndGlobalSection
	GlobalSection(ProjectConfigurationPlatforms) = postSolution
		{8BDE655D-9FF6-4443-A0D7-8581A3BB3BB9}.Debug|Any CPU.ActiveCfg = Debug|Any CPU
		{8BDE655D-9FF6-4443-A0D7-8581A3BB3BB9}.Debug|Any CPU.Build.0 = Debug|Any CPU
		{8BDE655D-9FF6-4443-A0D7-8581A3BB3BB9}.Release|Any CPU.ActiveCfg = Release|Any CPU
		{8BDE655D-9FF6-4443-A0D7-8581A3BB3BB9}.Release|Any CPU.Build.0 = Release|Any CPU
	EndGlobalSection
	GlobalSection(SolutionProperties) = preSolution
		HideSolutionNode = FALSE
	EndGlobalSection
	GlobalSection(ExtensibilityGlobals) = postSolution
		SolutionGuid = {6DB493C4-5C9F-4971-AC37-400D27E43AAA}
	EndGlobalSection
EndGlobal
