
Microsoft Visual Studio Solution File, Format Version 12.00
# Visual Studio Version 16
VisualStudioVersion = 16.0.30011.22
MinimumVisualStudioVersion = 10.0.40219.1
Project("{FAE04EC0-301F-11D3-BF4B-00C04F79EFBC}") = "ex005", "ex005\ex005.csproj", "{632847BE-1D78-4994-9116-5ED86FF7B542}"
EndProject
Global
	GlobalSection(SolutionConfigurationPlatforms) = preSolution
		Debug|Any CPU = Debug|Any CPU
		Release|Any CPU = Release|Any CPU
	EndGlobalSection
	GlobalSection(ProjectConfigurationPlatforms) = postSolution
		{632847BE-1D78-4994-9116-5ED86FF7B542}.Debug|Any CPU.ActiveCfg = Debug|Any CPU
		{632847BE-1D78-4994-9116-5ED86FF7B542}.Debug|Any CPU.Build.0 = Debug|Any CPU
		{632847BE-1D78-4994-9116-5ED86FF7B542}.Release|Any CPU.ActiveCfg = Release|Any CPU
		{632847BE-1D78-4994-9116-5ED86FF7B542}.Release|Any CPU.Build.0 = Release|Any CPU
	EndGlobalSection
	GlobalSection(SolutionProperties) = preSolution
		HideSolutionNode = FALSE
	EndGlobalSection
	GlobalSection(ExtensibilityGlobals) = postSolution
		SolutionGuid = {1F1E506E-11BE-49C5-9106-316DC4BBB862}
	EndGlobalSection
EndGlobal
