
Microsoft Visual Studio Solution File, Format Version 12.00
# Visual Studio Version 16
VisualStudioVersion = 16.0.30011.22
MinimumVisualStudioVersion = 10.0.40219.1
Project("{FAE04EC0-301F-11D3-BF4B-00C04F79EFBC}") = "ex045", "ex045\ex045.csproj", "{26BACAD3-59A0-499B-B8E0-E9195C271028}"
EndProject
Global
	GlobalSection(SolutionConfigurationPlatforms) = preSolution
		Debug|Any CPU = Debug|Any CPU
		Release|Any CPU = Release|Any CPU
	EndGlobalSection
	GlobalSection(ProjectConfigurationPlatforms) = postSolution
		{26BACAD3-59A0-499B-B8E0-E9195C271028}.Debug|Any CPU.ActiveCfg = Debug|Any CPU
		{26BACAD3-59A0-499B-B8E0-E9195C271028}.Debug|Any CPU.Build.0 = Debug|Any CPU
		{26BACAD3-59A0-499B-B8E0-E9195C271028}.Release|Any CPU.ActiveCfg = Release|Any CPU
		{26BACAD3-59A0-499B-B8E0-E9195C271028}.Release|Any CPU.Build.0 = Release|Any CPU
	EndGlobalSection
	GlobalSection(SolutionProperties) = preSolution
		HideSolutionNode = FALSE
	EndGlobalSection
	GlobalSection(ExtensibilityGlobals) = postSolution
		SolutionGuid = {40FE7D2F-7989-480E-B9F0-E7E3990B9A23}
	EndGlobalSection
EndGlobal
